
Microsoft Visual Studio Solution File, Format Version 12.00
# Visual Studio Version 17
VisualStudioVersion = 17.0.31903.59
MinimumVisualStudioVersion = 10.0.40219.1
Project("{FAE04EC0-301F-11D3-BF4B-00C04F79EFBC}") = "Piramide", "q1\Piramide.csproj", "{BEFD0E09-C09B-4855-B8E5-C17D0CC72092}"
EndProject
Project("{FAE04EC0-301F-11D3-BF4B-00C04F79EFBC}") = "Vertice", "q2\Vertice.csproj", "{2186FEF0-B11C-4E6C-A6B9-93A788778A55}"
EndProject
Project("{FAE04EC0-301F-11D3-BF4B-00C04F79EFBC}") = "Triangulo", "q3\Triangulo.csproj", "{9A103D1B-71EB-416E-9951-25080BA91590}"
EndProject
Project("{FAE04EC0-301F-11D3-BF4B-00C04F79EFBC}") = "Poligono", "q4\Poligono.csproj", "{12349669-187A-4678-8F14-0402EE2EDFB5}"
EndProject
Project("{FAE04EC0-301F-11D3-BF4B-00C04F79EFBC}") = "Intervalo", "q5\Intervalo.csproj", "{6A8F8C21-8ED8-4715-82DF-78BCFEFF69D5}"
EndProject
Project("{FAE04EC0-301F-11D3-BF4B-00C04F79EFBC}") = "ListaIntervalo", "q6\ListaIntervalo.csproj", "{97955B20-CB2E-4EEF-A5B7-60942B4AEED6}"
EndProject
Project("{FAE04EC0-301F-11D3-BF4B-00C04F79EFBC}") = "Armstrong", "q7\Armstrong.csproj", "{7D2F1AD0-2BE3-4392-82ED-B923A41B53C7}"
EndProject
Project("{FAE04EC0-301F-11D3-BF4B-00C04F79EFBC}") = "ValidacaoDados", "q8\ValidacaoDados.csproj", "{B3FDDDF7-AB0C-40BD-93CE-C88B5269E33B}"
EndProject
Project("{FAE04EC0-301F-11D3-BF4B-00C04F79EFBC}") = "Carro", "q9\Carro.csproj", "{18040B90-07EC-4E4A-B930-06DBD06850D1}"
EndProject
Project("{FAE04EC0-301F-11D3-BF4B-00C04F79EFBC}") = "ExtensaoLista", "q10\ExtensaoLista.csproj", "{0238C6FF-1B3A-4B47-AEB6-E18C9032CB30}"
EndProject
Global
	GlobalSection(SolutionConfigurationPlatforms) = preSolution
		Debug|Any CPU = Debug|Any CPU
		Release|Any CPU = Release|Any CPU
	EndGlobalSection
	GlobalSection(ProjectConfigurationPlatforms) = postSolution
		{BEFD0E09-C09B-4855-B8E5-C17D0CC72092}.Debug|Any CPU.ActiveCfg = Debug|Any CPU
		{BEFD0E09-C09B-4855-B8E5-C17D0CC72092}.Debug|Any CPU.Build.0 = Debug|Any CPU
		{BEFD0E09-C09B-4855-B8E5-C17D0CC72092}.Release|Any CPU.ActiveCfg = Release|Any CPU
		{BEFD0E09-C09B-4855-B8E5-C17D0CC72092}.Release|Any CPU.Build.0 = Release|Any CPU
		{2186FEF0-B11C-4E6C-A6B9-93A788778A55}.Debug|Any CPU.ActiveCfg = Debug|Any CPU
		{2186FEF0-B11C-4E6C-A6B9-93A788778A55}.Debug|Any CPU.Build.0 = Debug|Any CPU
		{2186FEF0-B11C-4E6C-A6B9-93A788778A55}.Release|Any CPU.ActiveCfg = Release|Any CPU
		{2186FEF0-B11C-4E6C-A6B9-93A788778A55}.Release|Any CPU.Build.0 = Release|Any CPU
		{9A103D1B-71EB-416E-9951-25080BA91590}.Debug|Any CPU.ActiveCfg = Debug|Any CPU
		{9A103D1B-71EB-416E-9951-25080BA91590}.Debug|Any CPU.Build.0 = Debug|Any CPU
		{9A103D1B-71EB-416E-9951-25080BA91590}.Release|Any CPU.ActiveCfg = Release|Any CPU
		{9A103D1B-71EB-416E-9951-25080BA91590}.Release|Any CPU.Build.0 = Release|Any CPU
		{12349669-187A-4678-8F14-0402EE2EDFB5}.Debug|Any CPU.ActiveCfg = Debug|Any CPU
		{12349669-187A-4678-8F14-0402EE2EDFB5}.Debug|Any CPU.Build.0 = Debug|Any CPU
		{12349669-187A-4678-8F14-0402EE2EDFB5}.Release|Any CPU.ActiveCfg = Release|Any CPU
		{12349669-187A-4678-8F14-0402EE2EDFB5}.Release|Any CPU.Build.0 = Release|Any CPU
		{6A8F8C21-8ED8-4715-82DF-78BCFEFF69D5}.Debug|Any CPU.ActiveCfg = Debug|Any CPU
		{6A8F8C21-8ED8-4715-82DF-78BCFEFF69D5}.Debug|Any CPU.Build.0 = Debug|Any CPU
		{6A8F8C21-8ED8-4715-82DF-78BCFEFF69D5}.Release|Any CPU.ActiveCfg = Release|Any CPU
		{6A8F8C21-8ED8-4715-82DF-78BCFEFF69D5}.Release|Any CPU.Build.0 = Release|Any CPU
		{97955B20-CB2E-4EEF-A5B7-60942B4AEED6}.Debug|Any CPU.ActiveCfg = Debug|Any CPU
		{97955B20-CB2E-4EEF-A5B7-60942B4AEED6}.Debug|Any CPU.Build.0 = Debug|Any CPU
		{97955B20-CB2E-4EEF-A5B7-60942B4AEED6}.Release|Any CPU.ActiveCfg = Release|Any CPU
		{97955B20-CB2E-4EEF-A5B7-60942B4AEED6}.Release|Any CPU.Build.0 = Release|Any CPU
		{7D2F1AD0-2BE3-4392-82ED-B923A41B53C7}.Debug|Any CPU.ActiveCfg = Debug|Any CPU
		{7D2F1AD0-2BE3-4392-82ED-B923A41B53C7}.Debug|Any CPU.Build.0 = Debug|Any CPU
		{7D2F1AD0-2BE3-4392-82ED-B923A41B53C7}.Release|Any CPU.ActiveCfg = Release|Any CPU
		{7D2F1AD0-2BE3-4392-82ED-B923A41B53C7}.Release|Any CPU.Build.0 = Release|Any CPU
		{B3FDDDF7-AB0C-40BD-93CE-C88B5269E33B}.Debug|Any CPU.ActiveCfg = Debug|Any CPU
		{B3FDDDF7-AB0C-40BD-93CE-C88B5269E33B}.Debug|Any CPU.Build.0 = Debug|Any CPU
		{B3FDDDF7-AB0C-40BD-93CE-C88B5269E33B}.Release|Any CPU.ActiveCfg = Release|Any CPU
		{B3FDDDF7-AB0C-40BD-93CE-C88B5269E33B}.Release|Any CPU.Build.0 = Release|Any CPU
		{18040B90-07EC-4E4A-B930-06DBD06850D1}.Debug|Any CPU.ActiveCfg = Debug|Any CPU
		{18040B90-07EC-4E4A-B930-06DBD06850D1}.Debug|Any CPU.Build.0 = Debug|Any CPU
		{18040B90-07EC-4E4A-B930-06DBD06850D1}.Release|Any CPU.ActiveCfg = Release|Any CPU
		{18040B90-07EC-4E4A-B930-06DBD06850D1}.Release|Any CPU.Build.0 = Release|Any CPU
		{0238C6FF-1B3A-4B47-AEB6-E18C9032CB30}.Debug|Any CPU.ActiveCfg = Debug|Any CPU
		{0238C6FF-1B3A-4B47-AEB6-E18C9032CB30}.Debug|Any CPU.Build.0 = Debug|Any CPU
		{0238C6FF-1B3A-4B47-AEB6-E18C9032CB30}.Release|Any CPU.ActiveCfg = Release|Any CPU
		{0238C6FF-1B3A-4B47-AEB6-E18C9032CB30}.Release|Any CPU.Build.0 = Release|Any CPU
	EndGlobalSection
	GlobalSection(SolutionProperties) = preSolution
		HideSolutionNode = FALSE
	EndGlobalSection
EndGlobal
